PODS:
  - KZFileWatchers (1.0.6)
  - Yams (2.0.0)

DEPENDENCIES:
  - KZFileWatchers
  - Yams

SPEC REPOS:
  https://github.com/cocoapods/specs.git:
    - KZFileWatchers
    - Yams

SPEC CHECKSUMS:
  KZFileWatchers: 029e57c853bed7e6703786937135df5cb993fead
  Yams: cb96472112d99e4b368f8dae9ab62e8a3eb8a3f9

PODFILE CHECKSUM: 504b21f22b32022df90485a8b5d0ecaf456cf59c

COCOAPODS: 1.7.2
