PODS:
  - KZFileWatchers (1.0.5)
  - Yams (0.7.0)

DEPENDENCIES:
  - KZFileWatchers
  - Yams

SPEC REPOS:
  https://github.com/CocoaPods/Specs.git:
    - KZFileWatchers
    - Yams

SPEC CHECKSUMS:
  KZFileWatchers: cdb033e4120fbe61c8e0f4df3613d5894741653d
  Yams: 9dfe90be5b942df6fa42ead8e6f0313e05600755

PODFILE CHECKSUM: 413f6583afac1b695d510112f382d304e2f88192

COCOAPODS: 1.5.0
